[[package]]
name = "diffios"
version = "0.0.9"
description = "Compare Cisco IOS configurations against a template."
category = "dev"
optional = false
python-versions = "*"

[[package]]
name = "gitdb"
version = "4.0.5"
description = "Git Object Database"
category = "dev"
optional = false
python-versions = ">=3.4"

[package.dependencies]
smmap = ">=3.0.1,<4"

[[package]]
name = "gitpython"
version = "3.1.13"
description = "Python Git Library"
category = "dev"
optional = false
python-versions = ">=3.4"

[package.dependencies]
gitdb = ">=4.0.1,<5"

[[package]]
name = "lizard"
version = "1.17.7"
description = "A code analyzer without caring the C/C++ header files. It works with Java, C/C++, JavaScript, Python, Ruby, Swift, Objective C. Metrics includes cyclomatic complexity number etc."
category = "dev"
optional = false
python-versions = "*"

[[package]]
name = "pydriller"
version = "1.15.3"
description = "Framework for MSR"
category = "dev"
optional = false
python-versions = ">=3.5"

[package.dependencies]
gitpython = "*"
lizard = "*"
pytz = "*"

[[package]]
name = "pytz"
version = "2021.1"
description = "World timezone definitions, modern and historical"
category = "dev"
optional = false
python-versions = "*"

[[package]]
name = "smmap"
version = "3.0.5"
description = "A pure Python implementation of a sliding window memory map manager"
category = "dev"
optional = false
python-versions = ">=2.7, !=3.0.*, !=3.1.*, !=3.2.*, !=3.3.*"

[[package]]
name = "xlsxwriter"
version = "1.3.7"
description = "A Python module for creating Excel XLSX files."
category = "dev"
optional = false
python-versions = "*"

[metadata]
lock-version = "1.1"
python-versions = "^3.8"
content-hash = "e88c9c64728c9144aabe31385408909cc8df5f211dd5b74651ff438417fa7520"

[metadata.files]
diffios = [
    {file = "diffios-0.0.9-py2.py3-none-any.whl", hash = "sha256:a7d10cad6c22ffcfe593bf96cfc7401f24c656487c4e1ca6d8876eb305205b1d"},
    {file = "diffios-0.0.9.tar.gz", hash = "sha256:5e5b460fca8d3694398747997a5e883149af0755fe298fc02784af951ef1ade4"},
]
gitdb = [
    {file = "gitdb-4.0.5-py3-none-any.whl", hash = "sha256:91f36bfb1ab7949b3b40e23736db18231bf7593edada2ba5c3a174a7b23657ac"},
    {file = "gitdb-4.0.5.tar.gz", hash = "sha256:c9e1f2d0db7ddb9a704c2a0217be31214e91a4fe1dea1efad19ae42ba0c285c9"},
]
gitpython = [
    {file = "GitPython-3.1.13-py3-none-any.whl", hash = "sha256:c5347c81d232d9b8e7f47b68a83e5dc92e7952127133c5f2df9133f2c75a1b29"},
    {file = "GitPython-3.1.13.tar.gz", hash = "sha256:8621a7e777e276a5ec838b59280ba5272dd144a18169c36c903d8b38b99f750a"},
]
lizard = [
    {file = "lizard-1.17.7-py2.py3-none-any.whl", hash = "sha256:09df01b1b1a740afb94334e020f31333f57548e02340a619476b63eafbfb2251"},
    {file = "lizard-1.17.7.tar.gz", hash = "sha256:d08e7afb4534fc326401ede2d5aace027757fb1a9deb3cc9f8e7f4339983c630"},
]
pydriller = [
    {file = "PyDriller-1.15.3-py3-none-any.whl", hash = "sha256:bd76039fb521f922c7f553c65afa7ec7c1f7b500f87f6b3504dd93cb2880b62f"},
]
pytz = [
    {file = "pytz-2021.1-py2.py3-none-any.whl", hash = "sha256:eb10ce3e7736052ed3623d49975ce333bcd712c7bb19a58b9e2089d4057d0798"},
    {file = "pytz-2021.1.tar.gz", hash = "sha256:83a4a90894bf38e243cf052c8b58f381bfe9a7a483f6a9cab140bc7f702ac4da"},
]
smmap = [
    {file = "smmap-3.0.5-py2.py3-none-any.whl", hash = "sha256:7bfcf367828031dc893530a29cb35eb8c8f2d7c8f2d0989354d75d24c8573714"},
    {file = "smmap-3.0.5.tar.gz", hash = "sha256:84c2751ef3072d4f6b2785ec7ee40244c6f45eb934d9e543e2c51f1bd3d54c50"},
]
xlsxwriter = [
    {file = "XlsxWriter-1.3.7-py2.py3-none-any.whl", hash = "sha256:b807c2d3e379bf6a925f472955beef3e07495c1bac708640696876e68675b49b"},
    {file = "XlsxWriter-1.3.7.tar.gz", hash = "sha256:9b1ade2d1ba5d9b40a6d1de1d55ded4394ab8002718092ae80a08532c2add2e6"},
]
